// !$*UTF8*$!
{
	archiveVersion = 1;
	classes = {
	};
	objectVersion = 56;
	objects = {

/* Begin PBXBuildFile section */
		20077A4B0FE337DB34855FCB /* Pods_InstaTok.framework in Frameworks */ = {isa = PBXBuildFile; fileRef = 874A92F834D2151076AE5D4F /* Pods_InstaTok.framework */; };
		B6612987292052AB0076279E /* AppDelegate.swift in Sources */ = {isa = PBXBuildFile; fileRef = B6612986292052AB0076279E /* AppDelegate.swift */; };
		B6612989292052AB0076279E /* SceneDelegate.swift in Sources */ = {isa = PBXBuildFile; fileRef = B6612988292052AB0076279E /* SceneDelegate.swift */; };
		B6612990292052B00076279E /* Assets.xcassets in Resources */ = {isa = PBXBuildFile; fileRef = B661298F292052B00076279E /* Assets.xcassets */; };
		B6612993292052B00076279E /* LaunchScreen.storyboard in Resources */ = {isa = PBXBuildFile; fileRef = B6612991292052B00076279E /* LaunchScreen.storyboard */; };
		B661299B2920535D0076279E /* GoogleService-Info.plist in Resources */ = {isa = PBXBuildFile; fileRef = B661299A292053570076279E /* GoogleService-Info.plist */; };
		B661299E292055AE0076279E /* LoginViewController.swift in Sources */ = {isa = PBXBuildFile; fileRef = B661299D292055AE0076279E /* LoginViewController.swift */; };
		B66129A429205D0E0076279E /* Main.storyboard in Resources */ = {isa = PBXBuildFile; fileRef = B66129A329205D0E0076279E /* Main.storyboard */; };
		B66129A629205DCB0076279E /* DashboardViewController.swift in Sources */ = {isa = PBXBuildFile; fileRef = B66129A529205DCB0076279E /* DashboardViewController.swift */; };
		B66129A929205FF90076279E /* AddAPostViewController.swift in Sources */ = {isa = PBXBuildFile; fileRef = B66129A829205FF90076279E /* AddAPostViewController.swift */; };
/* End PBXBuildFile section */

/* Begin PBXFileReference section */
		874A92F834D2151076AE5D4F /* Pods_InstaTok.framework */ = {isa = PBXFileReference; explicitFileType = wrapper.framework; includeInIndex = 0; path = Pods_InstaTok.framework; sourceTree = BUILT_PRODUCTS_DIR; };
		B6612983292052AB0076279E /* InstaTok.app */ = {isa = PBXFileReference; explicitFileType = wrapper.application; includeInIndex = 0; path = InstaTok.app; sourceTree = BUILT_PRODUCTS_DIR; };
		B6612986292052AB0076279E /* AppDelegate.swift */ = {isa = PBXFileReference; lastKnownFileType = sourcecode.swift; path = AppDelegate.swift; sourceTree = "<group>"; };
		B6612988292052AB0076279E /* SceneDelegate.swift */ = {isa = PBXFileReference; lastKnownFileType = sourcecode.swift; path = SceneDelegate.swift; sourceTree = "<group>"; };
		B661298F292052B00076279E /* Assets.xcassets */ = {isa = PBXFileReference; lastKnownFileType = folder.assetcatalog; path = Assets.xcassets; sourceTree = "<group>"; };
		B6612992292052B00076279E /* Base */ = {isa = PBXFileReference; lastKnownFileType = file.storyboard; name = Base; path = Base.lproj/LaunchScreen.storyboard; sourceTree = "<group>"; };
		B6612994292052B00076279E /* Info.plist */ = {isa = PBXFileReference; lastKnownFileType = text.plist.xml; path = Info.plist; sourceTree = "<group>"; };
		B661299A292053570076279E /* GoogleService-Info.plist */ = {isa = PBXFileReference; lastKnownFileType = text.plist.xml; path = "GoogleService-Info.plist"; sourceTree = "<group>"; };
		B661299D292055AE0076279E /* LoginViewController.swift */ = {isa = PBXFileReference; lastKnownFileType = sourcecode.swift; path = LoginViewController.swift; sourceTree = "<group>"; };
		B66129A329205D0E0076279E /* Main.storyboard */ = {isa = PBXFileReference; lastKnownFileType = file.storyboard; path = Main.storyboard; sourceTree = "<group>"; };
		B66129A529205DCB0076279E /* DashboardViewController.swift */ = {isa = PBXFileReference; lastKnownFileType = sourcecode.swift; path = DashboardViewController.swift; sourceTree = "<group>"; };
		B66129A829205FF90076279E /* AddAPostViewController.swift */ = {isa = PBXFileReference; lastKnownFileType = sourcecode.swift; path = AddAPostViewController.swift; sourceTree = "<group>"; };
		B6A0294241595939DB70091D /* Pods-InstaTok.debug.xcconfig */ = {isa = PBXFileReference; includeInIndex = 1; lastKnownFileType = text.xcconfig; name = "Pods-InstaTok.debug.xcconfig"; path = "Target Support Files/Pods-InstaTok/Pods-InstaTok.debug.xcconfig"; sourceTree = "<group>"; };
		F4AB8291AB8577990092FC0E /* Pods-InstaTok.release.xcconfig */ = {isa = PBXFileReference; includeInIndex = 1; lastKnownFileType = text.xcconfig; name = "Pods-InstaTok.release.xcconfig"; path = "Target Support Files/Pods-InstaTok/Pods-InstaTok.release.xcconfig"; sourceTree = "<group>"; };
/* End PBXFileReference section */

/* Begin PBXFrameworksBuildPhase section */
		B6612980292052AB0076279E /* Frameworks */ = {
			isa = PBXFrameworksBuildPhase;
			buildActionMask = 2147483647;
			files = (
				20077A4B0FE337DB34855FCB /* Pods_InstaTok.framework in Frameworks */,
			);
			runOnlyForDeploymentPostprocessing = 0;
		};
/* End PBXFrameworksBuildPhase section */

/* Begin PBXGroup section */
		07296A67C9912EF51322A04D /* Pods */ = {
			isa = PBXGroup;
			children = (
				B6A0294241595939DB70091D /* Pods-InstaTok.debug.xcconfig */,
				F4AB8291AB8577990092FC0E /* Pods-InstaTok.release.xcconfig */,
			);
			path = Pods;
			sourceTree = "<group>";
		};
		424F5B67DB3AF53F8E3333AB /* Frameworks */ = {
			isa = PBXGroup;
			children = (
				874A92F834D2151076AE5D4F /* Pods_InstaTok.framework */,
			);
			name = Frameworks;
			sourceTree = "<group>";
		};
		B661297A292052AB0076279E = {
			isa = PBXGroup;
			children = (
				B6612985292052AB0076279E /* InstaTok */,
				B6612984292052AB0076279E /* Products */,
				07296A67C9912EF51322A04D /* Pods */,
				424F5B67DB3AF53F8E3333AB /* Frameworks */,
			);
			sourceTree = "<group>";
		};
		B6612984292052AB0076279E /* Products */ = {
			isa = PBXGroup;
			children = (
				B6612983292052AB0076279E /* InstaTok.app */,
			);
			name = Products;
			sourceTree = "<group>";
		};
		B6612985292052AB0076279E /* InstaTok */ = {
			isa = PBXGroup;
			children = (
				B66129AA2920608E0076279E /* Utilities */,
				B66129A729205FE20076279E /* AddAPost */,
				B661299F292055D90076279E /* Dashboard */,
				B661299C292055720076279E /* Login */,
				B6612988292052AB0076279E /* SceneDelegate.swift */,
				B6612986292052AB0076279E /* AppDelegate.swift */,
				B661298F292052B00076279E /* Assets.xcassets */,
				B6612991292052B00076279E /* LaunchScreen.storyboard */,
				B6612994292052B00076279E /* Info.plist */,
				B661299A292053570076279E /* GoogleService-Info.plist */,
				B66129A329205D0E0076279E /* Main.storyboard */,
			);
			path = InstaTok;
			sourceTree = "<group>";
		};
		B661299C292055720076279E /* Login */ = {
			isa = PBXGroup;
			children = (
				B661299D292055AE0076279E /* LoginViewController.swift */,
			);
			path = Login;
			sourceTree = "<group>";
		};
		B661299F292055D90076279E /* Dashboard */ = {
			isa = PBXGroup;
			children = (
				B66129A529205DCB0076279E /* DashboardViewController.swift */,
			);
			path = Dashboard;
			sourceTree = "<group>";
		};
		B66129A729205FE20076279E /* AddAPost */ = {
			isa = PBXGroup;
			children = (
				B66129A829205FF90076279E /* AddAPostViewController.swift */,
			);
			path = AddAPost;
			sourceTree = "<group>";
		};
		B66129AA2920608E0076279E /* Utilities */ = {
			isa = PBXGroup;
			children = (
			);
			path = Utilities;
			sourceTree = "<group>";
		};
/* End PBXGroup section */

/* Begin PBXNativeTarget section */
		B6612982292052AB0076279E /* InstaTok */ = {
			isa = PBXNativeTarget;
			buildConfigurationList = B6612997292052B00076279E /* Build configuration list for PBXNativeTarget "InstaTok" */;
			buildPhases = (
				4035CEEE0A73FE4424FE45D6 /* [CP] Check Pods Manifest.lock */,
				B661297F292052AB0076279E /* Sources */,
				B6612980292052AB0076279E /* Frameworks */,
				B6612981292052AB0076279E /* Resources */,
				59C9BE78A79E40EC2B11852E /* [CP] Embed Pods Frameworks */,
			);
			buildRules = (
			);
			dependencies = (
			);
			name = InstaTok;
			productName = InstaTok;
			productReference = B6612983292052AB0076279E /* InstaTok.app */;
			productType = "com.apple.product-type.application";
		};
/* End PBXNativeTarget section */

/* Begin PBXProject section */
		B661297B292052AB0076279E /* Project object */ = {
			isa = PBXProject;
			attributes = {
				BuildIndependentTargetsInParallel = 1;
				LastSwiftUpdateCheck = 1400;
				LastUpgradeCheck = 1400;
				TargetAttributes = {
					B6612982292052AB0076279E = {
						CreatedOnToolsVersion = 14.0.1;
					};
				};
			};
			buildConfigurationList = B661297E292052AB0076279E /* Build configuration list for PBXProject "InstaTok" */;
			compatibilityVersion = "Xcode 14.0";
			developmentRegion = en;
			hasScannedForEncodings = 0;
			knownRegions = (
				en,
				Base,
			);
			mainGroup = B661297A292052AB0076279E;
			productRefGroup = B6612984292052AB0076279E /* Products */;
			projectDirPath = "";
			projectRoot = "";
			targets = (
				B6612982292052AB0076279E /* InstaTok */,
			);
		};
/* End PBXProject section */

/* Begin PBXResourcesBuildPhase section */
		B6612981292052AB0076279E /* Resources */ = {
			isa = PBXResourcesBuildPhase;
			buildActionMask = 2147483647;
			files = (
				B66129A429205D0E0076279E /* Main.storyboard in Resources */,
				B6612993292052B00076279E /* LaunchScreen.storyboard in Resources */,
				B661299B2920535D0076279E /* GoogleService-Info.plist in Resources */,
				B6612990292052B00076279E /* Assets.xcassets in Resources */,
			);
			runOnlyForDeploymentPostprocessing = 0;
		};
/* End PBXResourcesBuildPhase section */

/* Begin PBXShellScriptBuildPhase section */
		4035CEEE0A73FE4424FE45D6 /* [CP] Check Pods Manifest.lock */ = {
			isa = PBXShellScriptBuildPhase;
			buildActionMask = 2147483647;
			files = (
			);
			inputFileListPaths = (
			);
			inputPaths = (
				"${PODS_PODFILE_DIR_PATH}/Podfile.lock",
				"${PODS_ROOT}/Manifest.lock",
			);
			name = "[CP] Check Pods Manifest.lock";
			outputFileListPaths = (
			);
			outputPaths = (
				"$(DERIVED_FILE_DIR)/Pods-InstaTok-checkManifestLockResult.txt",
			);
			runOnlyForDeploymentPostprocessing = 0;
			shellPath = /bin/sh;
			shellScript = "diff \"${PODS_PODFILE_DIR_PATH}/Podfile.lock\" \"${PODS_ROOT}/Manifest.lock\" > /dev/null\nif [ $? != 0 ] ; then\n    # print error to STDERR\n    echo \"error: The sandbox is not in sync with the Podfile.lock. Run 'pod install' or update your CocoaPods installation.\" >&2\n    exit 1\nfi\n# This output is used by Xcode 'outputs' to avoid re-running this script phase.\necho \"SUCCESS\" > \"${SCRIPT_OUTPUT_FILE_0}\"\n";
			showEnvVarsInLog = 0;
		};
		59C9BE78A79E40EC2B11852E /* [CP] Embed Pods Frameworks */ = {
			isa = PBXShellScriptBuildPhase;
			buildActionMask = 2147483647;
			files = (
			);
			inputFileListPaths = (
				"${PODS_ROOT}/Target Support Files/Pods-InstaTok/Pods-InstaTok-frameworks-${CONFIGURATION}-input-files.xcfilelist",
			);
			name = "[CP] Embed Pods Frameworks";
			outputFileListPaths = (
				"${PODS_ROOT}/Target Support Files/Pods-InstaTok/Pods-InstaTok-frameworks-${CONFIGURATION}-output-files.xcfilelist",
			);
			runOnlyForDeploymentPostprocessing = 0;
			shellPath = /bin/sh;
			shellScript = "\"${PODS_ROOT}/Target Support Files/Pods-InstaTok/Pods-InstaTok-frameworks.sh\"\n";
			showEnvVarsInLog = 0;
		};
/* End PBXShellScriptBuildPhase section */

/* Begin PBXSourcesBuildPhase section */
		B661297F292052AB0076279E /* Sources */ = {
			isa = PBXSourcesBuildPhase;
			buildActionMask = 2147483647;
			files = (
				B661299E292055AE0076279E /* LoginViewController.swift in Sources */,
				B6612987292052AB0076279E /* AppDelegate.swift in Sources */,
				B6612989292052AB0076279E /* SceneDelegate.swift in Sources */,
				B66129A929205FF90076279E /* AddAPostViewController.swift in Sources */,
				B66129A629205DCB0076279E /* DashboardViewController.swift in Sources */,
			);
			runOnlyForDeploymentPostprocessing = 0;
		};
/* End PBXSourcesBuildPhase section */

/* Begin PBXVariantGroup section */
		B6612991292052B00076279E /* LaunchScreen.storyboard */ = {
			isa = PBXVariantGroup;
			children = (
				B6612992292052B00076279E /* Base */,
			);
			name = LaunchScreen.storyboard;
			sourceTree = "<group>";
		};
/* End PBXVariantGroup section */

/* Begin XCBuildConfiguration section */
		B6612995292052B00076279E /* Debug */ = {
			isa = XCBuildConfiguration;
			buildSettings = {
				ALWAYS_SEARCH_USER_PATHS = NO;
				CLANG_ANALYZER_NONNULL = YES;
				CLANG_ANALYZER_NUMBER_OBJECT_CONVERSION = YES_AGGRESSIVE;
				CLANG_CXX_LANGUAGE_STANDARD = "gnu++20";
				CLANG_ENABLE_MODULES = YES;
				CLANG_ENABLE_OBJC_ARC = YES;
				CLANG_ENABLE_OBJC_WEAK = YES;
				CLANG_WARN_BLOCK_CAPTURE_AUTORELEASING = YES;
				CLANG_WARN_BOOL_CONVERSION = YES;
				CLANG_WARN_COMMA = YES;
				CLANG_WARN_CONSTANT_CONVERSION = YES;
				CLANG_WARN_DEPRECATED_OBJC_IMPLEMENTATIONS = YES;
				CLANG_WARN_DIRECT_OBJC_ISA_USAGE = YES_ERROR;
				CLANG_WARN_DOCUMENTATION_COMMENTS = YES;
				CLANG_WARN_EMPTY_BODY = YES;
				CLANG_WARN_ENUM_CONVERSION = YES;
				CLANG_WARN_INFINITE_RECURSION = YES;
				CLANG_WARN_INT_CONVERSION = YES;
				CLANG_WARN_NON_LITERAL_NULL_CONVERSION = YES;
				CLANG_WARN_OBJC_IMPLICIT_RETAIN_SELF = YES;
				CLANG_WARN_OBJC_LITERAL_CONVERSION = YES;
				CLANG_WARN_OBJC_ROOT_CLASS = YES_ERROR;
				CLANG_WARN_QUOTED_INCLUDE_IN_FRAMEWORK_HEADER = YES;
				CLANG_WARN_RANGE_LOOP_ANALYSIS = YES;
				CLANG_WARN_STRICT_PROTOTYPES = YES;
				CLANG_WARN_SUSPICIOUS_MOVE = YES;
				CLANG_WARN_UNGUARDED_AVAILABILITY = YES_AGGRESSIVE;
				CLANG_WARN_UNREACHABLE_CODE = YES;
				CLANG_WARN__DUPLICATE_METHOD_MATCH = YES;
				COPY_PHASE_STRIP = NO;
				DEBUG_INFORMATION_FORMAT = dwarf;
				ENABLE_STRICT_OBJC_MSGSEND = YES;
				ENABLE_TESTABILITY = YES;
				GCC_C_LANGUAGE_STANDARD = gnu11;
				GCC_DYNAMIC_NO_PIC = NO;
				GCC_NO_COMMON_BLOCKS = YES;
				GCC_OPTIMIZATION_LEVEL = 0;
				GCC_PREPROCESSOR_DEFINITIONS = (
					"DEBUG=1",
					"$(inherited)",
				);
				GCC_WARN_64_TO_32_BIT_CONVERSION = YES;
				GCC_WARN_ABOUT_RETURN_TYPE = YES_ERROR;
				GCC_WARN_UNDECLARED_SELECTOR = YES;
				GCC_WARN_UNINITIALIZED_AUTOS = YES_AGGRESSIVE;
				GCC_WARN_UNUSED_FUNCTION = YES;
				GCC_WARN_UNUSED_VARIABLE = YES;
				IPHONEOS_DEPLOYMENT_TARGET = 16.0;
				MTL_ENABLE_DEBUG_INFO = INCLUDE_SOURCE;
				MTL_FAST_MATH = YES;
				ONLY_ACTIVE_ARCH = YES;
				SDKROOT = iphoneos;
				SWIFT_ACTIVE_COMPILATION_CONDITIONS = DEBUG;
				SWIFT_OPTIMIZATION_LEVEL = "-Onone";
			};
			name = Debug;
		};
		B6612996292052B00076279E /* Release */ = {
			isa = XCBuildConfiguration;
			buildSettings = {
				ALWAYS_SEARCH_USER_PATHS = NO;
				CLANG_ANALYZER_NONNULL = YES;
				CLANG_ANALYZER_NUMBER_OBJECT_CONVERSION = YES_AGGRESSIVE;
				CLANG_CXX_LANGUAGE_STANDARD = "gnu++20";
				CLANG_ENABLE_MODULES = YES;
				CLANG_ENABLE_OBJC_ARC = YES;
				CLANG_ENABLE_OBJC_WEAK = YES;
				CLANG_WARN_BLOCK_CAPTURE_AUTORELEASING = YES;
				CLANG_WARN_BOOL_CONVERSION = YES;
				CLANG_WARN_COMMA = YES;
				CLANG_WARN_CONSTANT_CONVERSION = YES;
				CLANG_WARN_DEPRECATED_OBJC_IMPLEMENTATIONS = YES;
				CLANG_WARN_DIRECT_OBJC_ISA_USAGE = YES_ERROR;
				CLANG_WARN_DOCUMENTATION_COMMENTS = YES;
				CLANG_WARN_EMPTY_BODY = YES;
				CLANG_WARN_ENUM_CONVERSION = YES;
				CLANG_WARN_INFINITE_RECURSION = YES;
				CLANG_WARN_INT_CONVERSION = YES;
				CLANG_WARN_NON_LITERAL_NULL_CONVERSION = YES;
				CLANG_WARN_OBJC_IMPLICIT_RETAIN_SELF = YES;
				CLANG_WARN_OBJC_LITERAL_CONVERSION = YES;
				CLANG_WARN_OBJC_ROOT_CLASS = YES_ERROR;
				CLANG_WARN_QUOTED_INCLUDE_IN_FRAMEWORK_HEADER = YES;
				CLANG_WARN_RANGE_LOOP_ANALYSIS = YES;
				CLANG_WARN_STRICT_PROTOTYPES = YES;
				CLANG_WARN_SUSPICIOUS_MOVE = YES;
				CLANG_WARN_UNGUARDED_AVAILABILITY = YES_AGGRESSIVE;
				CLANG_WARN_UNREACHABLE_CODE = YES;
				CLANG_WARN__DUPLICATE_METHOD_MATCH = YES;
				COPY_PHASE_STRIP = NO;
				DEBUG_INFORMATION_FORMAT = "dwarf-with-dsym";
				ENABLE_NS_ASSERTIONS = NO;
				ENABLE_STRICT_OBJC_MSGSEND = YES;
				GCC_C_LANGUAGE_STANDARD = gnu11;
				GCC_NO_COMMON_BLOCKS = YES;
				GCC_WARN_64_TO_32_BIT_CONVERSION = YES;
				GCC_WARN_ABOUT_RETURN_TYPE = YES_ERROR;
				GCC_WARN_UNDECLARED_SELECTOR = YES;
				GCC_WARN_UNINITIALIZED_AUTOS = YES_AGGRESSIVE;
				GCC_WARN_UNUSED_FUNCTION = YES;
				GCC_WARN_UNUSED_VARIABLE = YES;
				IPHONEOS_DEPLOYMENT_TARGET = 16.0;
				MTL_ENABLE_DEBUG_INFO = NO;
				MTL_FAST_MATH = YES;
				SDKROOT = iphoneos;
				SWIFT_COMPILATION_MODE = wholemodule;
				SWIFT_OPTIMIZATION_LEVEL = "-O";
				VALIDATE_PRODUCT = YES;
			};
			name = Release;
		};
		B6612998292052B00076279E /* Debug */ = {
			isa = XCBuildConfiguration;
			baseConfigurationReference = B6A0294241595939DB70091D /* Pods-InstaTok.debug.xcconfig */;
			buildSettings = {
				ASSETCATALOG_COMPILER_APPICON_NAME = AppIcon;
				ASSETCATALOG_COMPILER_GLOBAL_ACCENT_COLOR_NAME = AccentColor;
				CODE_SIGN_STYLE = Automatic;
				CURRENT_PROJECT_VERSION = 1;
				GENERATE_INFOPLIST_FILE = YES;
				INFOPLIST_FILE = InstaTok/Info.plist;
				INFOPLIST_KEY_UIApplicationSupportsIndirectInputEvents = YES;
				INFOPLIST_KEY_UILaunchStoryboardName = LaunchScreen;
				INFOPLIST_KEY_UIMainStoryboardFile = Main;
				INFOPLIST_KEY_UISupportedInterfaceOrientations_iPad = "UIInterfaceOrientationPortrait UIInterfaceOrientationPortraitUpsideDown UIInterfaceOrientationLandscapeLeft UIInterfaceOrientationLandscapeRight";
				INFOPLIST_KEY_UISupportedInterfaceOrientations_iPhone = "UIInterfaceOrientationPortrait UIInterfaceOrientationLandscapeLeft UIInterfaceOrientationLandscapeRight";
				LD_RUNPATH_SEARCH_PATHS = (
					"$(inherited)",
					"@executable_path/Frameworks",
				);
				MARKETING_VERSION = 1.0;
				PRODUCT_BUNDLE_IDENTIFIER = edu.northeastern.yuhan.InstaTok;
				PRODUCT_NAME = "$(TARGET_NAME)";
				SWIFT_EMIT_LOC_STRINGS = YES;
				SWIFT_VERSION = 5.0;
				TARGETED_DEVICE_FAMILY = "1,2";
			};
			name = Debug;
		};
		B6612999292052B00076279E /* Release */ = {
			isa = XCBuildConfiguration;
			baseConfigurationReference = F4AB8291AB8577990092FC0E /* Pods-InstaTok.release.xcconfig */;
			buildSettings = {
				ASSETCATALOG_COMPILER_APPICON_NAME = AppIcon;
				ASSETCATALOG_COMPILER_GLOBAL_ACCENT_COLOR_NAME = AccentColor;
				CODE_SIGN_STYLE = Automatic;
				CURRENT_PROJECT_VERSION = 1;
				GENERATE_INFOPLIST_FILE = YES;
				INFOPLIST_FILE = InstaTok/Info.plist;
				INFOPLIST_KEY_UIApplicationSupportsIndirectInputEvents = YES;
				INFOPLIST_KEY_UILaunchStoryboardName = LaunchScreen;
				INFOPLIST_KEY_UIMainStoryboardFile = Main;
				INFOPLIST_KEY_UISupportedInterfaceOrientations_iPad = "UIInterfaceOrientationPortrait UIInterfaceOrientationPortraitUpsideDown UIInterfaceOrientationLandscapeLeft UIInterfaceOrientationLandscapeRight";
				INFOPLIST_KEY_UISupportedInterfaceOrientations_iPhone = "UIInterfaceOrientationPortrait UIInterfaceOrientationLandscapeLeft UIInterfaceOrientationLandscapeRight";
				LD_RUNPATH_SEARCH_PATHS = (
					"$(inherited)",
					"@executable_path/Frameworks",
				);
				MARKETING_VERSION = 1.0;
				PRODUCT_BUNDLE_IDENTIFIER = edu.northeastern.yuhan.InstaTok;
				PRODUCT_NAME = "$(TARGET_NAME)";
				SWIFT_EMIT_LOC_STRINGS = YES;
				SWIFT_VERSION = 5.0;
				TARGETED_DEVICE_FAMILY = "1,2";
			};
			name = Release;
		};
/* End XCBuildConfiguration section */

/* Begin XCConfigurationList section */
		B661297E292052AB0076279E /* Build configuration list for PBXProject "InstaTok" */ = {
			isa = XCConfigurationList;
			buildConfigurations = (
				B6612995292052B00076279E /* Debug */,
				B6612996292052B00076279E /* Release */,
			);
			defaultConfigurationIsVisible = 0;
			defaultConfigurationName = Release;
		};
		B6612997292052B00076279E /* Build configuration list for PBXNativeTarget "InstaTok" */ = {
			isa = XCConfigurationList;
			buildConfigurations = (
				B6612998292052B00076279E /* Debug */,
				B6612999292052B00076279E /* Release */,
			);
			defaultConfigurationIsVisible = 0;
			defaultConfigurationName = Release;
		};
/* End XCConfigurationList section */
	};
	rootObject = B661297B292052AB0076279E /* Project object */;
}
