// !$*UTF8*$!
{
	archiveVersion = 1;
	classes = {
	};
	objectVersion = 55;
	objects = {

/* Begin PBXBuildFile section */
		31B3729BA344C06FDEA896D8 /* Pods_EquipmentManagement.framework in Frameworks */ = {isa = PBXBuildFile; fileRef = 32B4E695C7BE068A42A1BA16 /* Pods_EquipmentManagement.framework */; };
		B6296CE4290CA6A3003112DD /* AppDelegate.swift in Sources */ = {isa = PBXBuildFile; fileRef = B6296CE3290CA6A3003112DD /* AppDelegate.swift */; };
		B6296CE6290CA6A3003112DD /* SceneDelegate.swift in Sources */ = {isa = PBXBuildFile; fileRef = B6296CE5290CA6A3003112DD /* SceneDelegate.swift */; };
		B6296CE8290CA6A3003112DD /* ViewController.swift in Sources */ = {isa = PBXBuildFile; fileRef = B6296CE7290CA6A3003112DD /* ViewController.swift */; };
		B6296CEB290CA6A3003112DD /* Main.storyboard in Resources */ = {isa = PBXBuildFile; fileRef = B6296CE9290CA6A3003112DD /* Main.storyboard */; };
		B6296CED290CA6A8003112DD /* Assets.xcassets in Resources */ = {isa = PBXBuildFile; fileRef = B6296CEC290CA6A8003112DD /* Assets.xcassets */; };
		B6296CF0290CA6A8003112DD /* LaunchScreen.storyboard in Resources */ = {isa = PBXBuildFile; fileRef = B6296CEE290CA6A8003112DD /* LaunchScreen.storyboard */; };
		B6296CF8290CA98F003112DD /* GoogleService-Info.plist in Resources */ = {isa = PBXBuildFile; fileRef = B6296CF7290CA98F003112DD /* GoogleService-Info.plist */; };
		B646F878290CFD29005B9588 /* StringExtension.swift in Sources */ = {isa = PBXBuildFile; fileRef = B646F877290CFD29005B9588 /* StringExtension.swift */; };
		B646F87A290CFFA2005B9588 /* KeychainService.swift in Sources */ = {isa = PBXBuildFile; fileRef = B646F879290CFFA2005B9588 /* KeychainService.swift */; };
		B646F87C290D02BE005B9588 /* DashboardViewController.swift in Sources */ = {isa = PBXBuildFile; fileRef = B646F87B290D02BE005B9588 /* DashboardViewController.swift */; };
/* End PBXBuildFile section */

/* Begin PBXFileReference section */
		32B4E695C7BE068A42A1BA16 /* Pods_EquipmentManagement.framework */ = {isa = PBXFileReference; explicitFileType = wrapper.framework; includeInIndex = 0; path = Pods_EquipmentManagement.framework; sourceTree = BUILT_PRODUCTS_DIR; };
		54E9067B95B355304CA64FF6 /* Pods-EquipmentManagement.release.xcconfig */ = {isa = PBXFileReference; includeInIndex = 1; lastKnownFileType = text.xcconfig; name = "Pods-EquipmentManagement.release.xcconfig"; path = "Target Support Files/Pods-EquipmentManagement/Pods-EquipmentManagement.release.xcconfig"; sourceTree = "<group>"; };
		B6296CE0290CA6A3003112DD /* EquipmentManagement.app */ = {isa = PBXFileReference; explicitFileType = wrapper.application; includeInIndex = 0; path = EquipmentManagement.app; sourceTree = BUILT_PRODUCTS_DIR; };
		B6296CE3290CA6A3003112DD /* AppDelegate.swift */ = {isa = PBXFileReference; lastKnownFileType = sourcecode.swift; path = AppDelegate.swift; sourceTree = "<group>"; };
		B6296CE5290CA6A3003112DD /* SceneDelegate.swift */ = {isa = PBXFileReference; lastKnownFileType = sourcecode.swift; path = SceneDelegate.swift; sourceTree = "<group>"; };
		B6296CE7290CA6A3003112DD /* ViewController.swift */ = {isa = PBXFileReference; lastKnownFileType = sourcecode.swift; path = ViewController.swift; sourceTree = "<group>"; };
		B6296CEA290CA6A3003112DD /* Base */ = {isa = PBXFileReference; lastKnownFileType = file.storyboard; name = Base; path = Base.lproj/Main.storyboard; sourceTree = "<group>"; };
		B6296CEC290CA6A8003112DD /* Assets.xcassets */ = {isa = PBXFileReference; lastKnownFileType = folder.assetcatalog; path = Assets.xcassets; sourceTree = "<group>"; };
		B6296CEF290CA6A8003112DD /* Base */ = {isa = PBXFileReference; lastKnownFileType = file.storyboard; name = Base; path = Base.lproj/LaunchScreen.storyboard; sourceTree = "<group>"; };
		B6296CF1290CA6A8003112DD /* Info.plist */ = {isa = PBXFileReference; lastKnownFileType = text.plist.xml; path = Info.plist; sourceTree = "<group>"; };
		B6296CF7290CA98F003112DD /* GoogleService-Info.plist */ = {isa = PBXFileReference; fileEncoding = 4; lastKnownFileType = text.plist.xml; name = "GoogleService-Info.plist"; path = "../../../../../../Downloads/GoogleService-Info.plist"; sourceTree = "<group>"; };
		B646F877290CFD29005B9588 /* StringExtension.swift */ = {isa = PBXFileReference; lastKnownFileType = sourcecode.swift; path = StringExtension.swift; sourceTree = "<group>"; };
		B646F879290CFFA2005B9588 /* KeychainService.swift */ = {isa = PBXFileReference; lastKnownFileType = sourcecode.swift; path = KeychainService.swift; sourceTree = "<group>"; };
		B646F87B290D02BE005B9588 /* DashboardViewController.swift */ = {isa = PBXFileReference; lastKnownFileType = sourcecode.swift; path = DashboardViewController.swift; sourceTree = "<group>"; };
		CBD5693B56F9C6794A916F33 /* Pods-EquipmentManagement.debug.xcconfig */ = {isa = PBXFileReference; includeInIndex = 1; lastKnownFileType = text.xcconfig; name = "Pods-EquipmentManagement.debug.xcconfig"; path = "Target Support Files/Pods-EquipmentManagement/Pods-EquipmentManagement.debug.xcconfig"; sourceTree = "<group>"; };
/* End PBXFileReference section */

/* Begin PBXFrameworksBuildPhase section */
		B6296CDD290CA6A3003112DD /* Frameworks */ = {
			isa = PBXFrameworksBuildPhase;
			buildActionMask = 2147483647;
			files = (
				31B3729BA344C06FDEA896D8 /* Pods_EquipmentManagement.framework in Frameworks */,
			);
			runOnlyForDeploymentPostprocessing = 0;
		};
/* End PBXFrameworksBuildPhase section */

/* Begin PBXGroup section */
		0A144D587755071B588EB6B1 /* Pods */ = {
			isa = PBXGroup;
			children = (
				CBD5693B56F9C6794A916F33 /* Pods-EquipmentManagement.debug.xcconfig */,
				54E9067B95B355304CA64FF6 /* Pods-EquipmentManagement.release.xcconfig */,
			);
			path = Pods;
			sourceTree = "<group>";
		};
		AA43F0A107DB8753FB0F9094 /* Frameworks */ = {
			isa = PBXGroup;
			children = (
				32B4E695C7BE068A42A1BA16 /* Pods_EquipmentManagement.framework */,
			);
			name = Frameworks;
			sourceTree = "<group>";
		};
		B6296CD7290CA6A2003112DD = {
			isa = PBXGroup;
			children = (
				B6296CE2290CA6A3003112DD /* EquipmentManagement */,
				B6296CE1290CA6A3003112DD /* Products */,
				0A144D587755071B588EB6B1 /* Pods */,
				AA43F0A107DB8753FB0F9094 /* Frameworks */,
			);
			sourceTree = "<group>";
		};
		B6296CE1290CA6A3003112DD /* Products */ = {
			isa = PBXGroup;
			children = (
				B6296CE0290CA6A3003112DD /* EquipmentManagement.app */,
			);
			name = Products;
			sourceTree = "<group>";
		};
		B6296CE2290CA6A3003112DD /* EquipmentManagement */ = {
			isa = PBXGroup;
			children = (
				B646F876290CD8EB005B9588 /* Utilities */,
				B6296CE3290CA6A3003112DD /* AppDelegate.swift */,
				B6296CE5290CA6A3003112DD /* SceneDelegate.swift */,
				B6296CE7290CA6A3003112DD /* ViewController.swift */,
				B6296CE9290CA6A3003112DD /* Main.storyboard */,
				B6296CEC290CA6A8003112DD /* Assets.xcassets */,
				B6296CEE290CA6A8003112DD /* LaunchScreen.storyboard */,
				B6296CF1290CA6A8003112DD /* Info.plist */,
				B6296CF7290CA98F003112DD /* GoogleService-Info.plist */,
				B646F87B290D02BE005B9588 /* DashboardViewController.swift */,
			);
			path = EquipmentManagement;
			sourceTree = "<group>";
		};
		B646F876290CD8EB005B9588 /* Utilities */ = {
			isa = PBXGroup;
			children = (
				B646F877290CFD29005B9588 /* StringExtension.swift */,
				B646F879290CFFA2005B9588 /* KeychainService.swift */,
			);
			path = Utilities;
			sourceTree = "<group>";
		};
/* End PBXGroup section */

/* Begin PBXNativeTarget section */
		B6296CDF290CA6A3003112DD /* EquipmentManagement */ = {
			isa = PBXNativeTarget;
			buildConfigurationList = B6296CF4290CA6A8003112DD /* Build configuration list for PBXNativeTarget "EquipmentManagement" */;
			buildPhases = (
				25EBE20B6B52EE0838CC0D78 /* [CP] Check Pods Manifest.lock */,
				B6296CDC290CA6A3003112DD /* Sources */,
				B6296CDD290CA6A3003112DD /* Frameworks */,
				B6296CDE290CA6A3003112DD /* Resources */,
				3A27EABB2CC7D9E861B97F83 /* [CP] Embed Pods Frameworks */,
			);
			buildRules = (
			);
			dependencies = (
			);
			name = EquipmentManagement;
			productName = EquipmentManagement;
			productReference = B6296CE0290CA6A3003112DD /* EquipmentManagement.app */;
			productType = "com.apple.product-type.application";
		};
/* End PBXNativeTarget section */

/* Begin PBXProject section */
		B6296CD8290CA6A2003112DD /* Project object */ = {
			isa = PBXProject;
			attributes = {
				BuildIndependentTargetsInParallel = 1;
				LastSwiftUpdateCheck = 1340;
				LastUpgradeCheck = 1340;
				TargetAttributes = {
					B6296CDF290CA6A3003112DD = {
						CreatedOnToolsVersion = 13.4.1;
					};
				};
			};
			buildConfigurationList = B6296CDB290CA6A2003112DD /* Build configuration list for PBXProject "EquipmentManagement" */;
			compatibilityVersion = "Xcode 13.0";
			developmentRegion = en;
			hasScannedForEncodings = 0;
			knownRegions = (
				en,
				Base,
			);
			mainGroup = B6296CD7290CA6A2003112DD;
			productRefGroup = B6296CE1290CA6A3003112DD /* Products */;
			projectDirPath = "";
			projectRoot = "";
			targets = (
				B6296CDF290CA6A3003112DD /* EquipmentManagement */,
			);
		};
/* End PBXProject section */

/* Begin PBXResourcesBuildPhase section */
		B6296CDE290CA6A3003112DD /* Resources */ = {
			isa = PBXResourcesBuildPhase;
			buildActionMask = 2147483647;
			files = (
				B6296CF0290CA6A8003112DD /* LaunchScreen.storyboard in Resources */,
				B6296CF8290CA98F003112DD /* GoogleService-Info.plist in Resources */,
				B6296CED290CA6A8003112DD /* Assets.xcassets in Resources */,
				B6296CEB290CA6A3003112DD /* Main.storyboard in Resources */,
			);
			runOnlyForDeploymentPostprocessing = 0;
		};
/* End PBXResourcesBuildPhase section */

/* Begin PBXShellScriptBuildPhase section */
		25EBE20B6B52EE0838CC0D78 /* [CP] Check Pods Manifest.lock */ = {
			isa = PBXShellScriptBuildPhase;
			buildActionMask = 2147483647;
			files = (
			);
			inputFileListPaths = (
			);
			inputPaths = (
				"${PODS_PODFILE_DIR_PATH}/Podfile.lock",
				"${PODS_ROOT}/Manifest.lock",
			);
			name = "[CP] Check Pods Manifest.lock";
			outputFileListPaths = (
			);
			outputPaths = (
				"$(DERIVED_FILE_DIR)/Pods-EquipmentManagement-checkManifestLockResult.txt",
			);
			runOnlyForDeploymentPostprocessing = 0;
			shellPath = /bin/sh;
			shellScript = "diff \"${PODS_PODFILE_DIR_PATH}/Podfile.lock\" \"${PODS_ROOT}/Manifest.lock\" > /dev/null\nif [ $? != 0 ] ; then\n    # print error to STDERR\n    echo \"error: The sandbox is not in sync with the Podfile.lock. Run 'pod install' or update your CocoaPods installation.\" >&2\n    exit 1\nfi\n# This output is used by Xcode 'outputs' to avoid re-running this script phase.\necho \"SUCCESS\" > \"${SCRIPT_OUTPUT_FILE_0}\"\n";
			showEnvVarsInLog = 0;
		};
		3A27EABB2CC7D9E861B97F83 /* [CP] Embed Pods Frameworks */ = {
			isa = PBXShellScriptBuildPhase;
			buildActionMask = 2147483647;
			files = (
			);
			inputFileListPaths = (
				"${PODS_ROOT}/Target Support Files/Pods-EquipmentManagement/Pods-EquipmentManagement-frameworks-${CONFIGURATION}-input-files.xcfilelist",
			);
			name = "[CP] Embed Pods Frameworks";
			outputFileListPaths = (
				"${PODS_ROOT}/Target Support Files/Pods-EquipmentManagement/Pods-EquipmentManagement-frameworks-${CONFIGURATION}-output-files.xcfilelist",
			);
			runOnlyForDeploymentPostprocessing = 0;
			shellPath = /bin/sh;
			shellScript = "\"${PODS_ROOT}/Target Support Files/Pods-EquipmentManagement/Pods-EquipmentManagement-frameworks.sh\"\n";
			showEnvVarsInLog = 0;
		};
/* End PBXShellScriptBuildPhase section */

/* Begin PBXSourcesBuildPhase section */
		B6296CDC290CA6A3003112DD /* Sources */ = {
			isa = PBXSourcesBuildPhase;
			buildActionMask = 2147483647;
			files = (
				B646F878290CFD29005B9588 /* StringExtension.swift in Sources */,
				B646F87C290D02BE005B9588 /* DashboardViewController.swift in Sources */,
				B6296CE8290CA6A3003112DD /* ViewController.swift in Sources */,
				B6296CE4290CA6A3003112DD /* AppDelegate.swift in Sources */,
				B646F87A290CFFA2005B9588 /* KeychainService.swift in Sources */,
				B6296CE6290CA6A3003112DD /* SceneDelegate.swift in Sources */,
			);
			runOnlyForDeploymentPostprocessing = 0;
		};
/* End PBXSourcesBuildPhase section */

/* Begin PBXVariantGroup section */
		B6296CE9290CA6A3003112DD /* Main.storyboard */ = {
			isa = PBXVariantGroup;
			children = (
				B6296CEA290CA6A3003112DD /* Base */,
			);
			name = Main.storyboard;
			sourceTree = "<group>";
		};
		B6296CEE290CA6A8003112DD /* LaunchScreen.storyboard */ = {
			isa = PBXVariantGroup;
			children = (
				B6296CEF290CA6A8003112DD /* Base */,
			);
			name = LaunchScreen.storyboard;
			sourceTree = "<group>";
		};
/* End PBXVariantGroup section */

/* Begin XCBuildConfiguration section */
		B6296CF2290CA6A8003112DD /* Debug */ = {
			isa = XCBuildConfiguration;
			buildSettings = {
				ALWAYS_SEARCH_USER_PATHS = NO;
				CLANG_ANALYZER_NONNULL = YES;
				CLANG_ANALYZER_NUMBER_OBJECT_CONVERSION = YES_AGGRESSIVE;
				CLANG_CXX_LANGUAGE_STANDARD = "gnu++17";
				CLANG_ENABLE_MODULES = YES;
				CLANG_ENABLE_OBJC_ARC = YES;
				CLANG_ENABLE_OBJC_WEAK = YES;
				CLANG_WARN_BLOCK_CAPTURE_AUTORELEASING = YES;
				CLANG_WARN_BOOL_CONVERSION = YES;
				CLANG_WARN_COMMA = YES;
				CLANG_WARN_CONSTANT_CONVERSION = YES;
				CLANG_WARN_DEPRECATED_OBJC_IMPLEMENTATIONS = YES;
				CLANG_WARN_DIRECT_OBJC_ISA_USAGE = YES_ERROR;
				CLANG_WARN_DOCUMENTATION_COMMENTS = YES;
				CLANG_WARN_EMPTY_BODY = YES;
				CLANG_WARN_ENUM_CONVERSION = YES;
				CLANG_WARN_INFINITE_RECURSION = YES;
				CLANG_WARN_INT_CONVERSION = YES;
				CLANG_WARN_NON_LITERAL_NULL_CONVERSION = YES;
				CLANG_WARN_OBJC_IMPLICIT_RETAIN_SELF = YES;
				CLANG_WARN_OBJC_LITERAL_CONVERSION = YES;
				CLANG_WARN_OBJC_ROOT_CLASS = YES_ERROR;
				CLANG_WARN_QUOTED_INCLUDE_IN_FRAMEWORK_HEADER = YES;
				CLANG_WARN_RANGE_LOOP_ANALYSIS = YES;
				CLANG_WARN_STRICT_PROTOTYPES = YES;
				CLANG_WARN_SUSPICIOUS_MOVE = YES;
				CLANG_WARN_UNGUARDED_AVAILABILITY = YES_AGGRESSIVE;
				CLANG_WARN_UNREACHABLE_CODE = YES;
				CLANG_WARN__DUPLICATE_METHOD_MATCH = YES;
				COPY_PHASE_STRIP = NO;
				DEBUG_INFORMATION_FORMAT = dwarf;
				ENABLE_STRICT_OBJC_MSGSEND = YES;
				ENABLE_TESTABILITY = YES;
				GCC_C_LANGUAGE_STANDARD = gnu11;
				GCC_DYNAMIC_NO_PIC = NO;
				GCC_NO_COMMON_BLOCKS = YES;
				GCC_OPTIMIZATION_LEVEL = 0;
				GCC_PREPROCESSOR_DEFINITIONS = (
					"DEBUG=1",
					"$(inherited)",
				);
				GCC_WARN_64_TO_32_BIT_CONVERSION = YES;
				GCC_WARN_ABOUT_RETURN_TYPE = YES_ERROR;
				GCC_WARN_UNDECLARED_SELECTOR = YES;
				GCC_WARN_UNINITIALIZED_AUTOS = YES_AGGRESSIVE;
				GCC_WARN_UNUSED_FUNCTION = YES;
				GCC_WARN_UNUSED_VARIABLE = YES;
				IPHONEOS_DEPLOYMENT_TARGET = 15.5;
				MTL_ENABLE_DEBUG_INFO = INCLUDE_SOURCE;
				MTL_FAST_MATH = YES;
				ONLY_ACTIVE_ARCH = YES;
				SDKROOT = iphoneos;
				SWIFT_ACTIVE_COMPILATION_CONDITIONS = DEBUG;
				SWIFT_OPTIMIZATION_LEVEL = "-Onone";
			};
			name = Debug;
		};
		B6296CF3290CA6A8003112DD /* Release */ = {
			isa = XCBuildConfiguration;
			buildSettings = {
				ALWAYS_SEARCH_USER_PATHS = NO;
				CLANG_ANALYZER_NONNULL = YES;
				CLANG_ANALYZER_NUMBER_OBJECT_CONVERSION = YES_AGGRESSIVE;
				CLANG_CXX_LANGUAGE_STANDARD = "gnu++17";
				CLANG_ENABLE_MODULES = YES;
				CLANG_ENABLE_OBJC_ARC = YES;
				CLANG_ENABLE_OBJC_WEAK = YES;
				CLANG_WARN_BLOCK_CAPTURE_AUTORELEASING = YES;
				CLANG_WARN_BOOL_CONVERSION = YES;
				CLANG_WARN_COMMA = YES;
				CLANG_WARN_CONSTANT_CONVERSION = YES;
				CLANG_WARN_DEPRECATED_OBJC_IMPLEMENTATIONS = YES;
				CLANG_WARN_DIRECT_OBJC_ISA_USAGE = YES_ERROR;
				CLANG_WARN_DOCUMENTATION_COMMENTS = YES;
				CLANG_WARN_EMPTY_BODY = YES;
				CLANG_WARN_ENUM_CONVERSION = YES;
				CLANG_WARN_INFINITE_RECURSION = YES;
				CLANG_WARN_INT_CONVERSION = YES;
				CLANG_WARN_NON_LITERAL_NULL_CONVERSION = YES;
				CLANG_WARN_OBJC_IMPLICIT_RETAIN_SELF = YES;
				CLANG_WARN_OBJC_LITERAL_CONVERSION = YES;
				CLANG_WARN_OBJC_ROOT_CLASS = YES_ERROR;
				CLANG_WARN_QUOTED_INCLUDE_IN_FRAMEWORK_HEADER = YES;
				CLANG_WARN_RANGE_LOOP_ANALYSIS = YES;
				CLANG_WARN_STRICT_PROTOTYPES = YES;
				CLANG_WARN_SUSPICIOUS_MOVE = YES;
				CLANG_WARN_UNGUARDED_AVAILABILITY = YES_AGGRESSIVE;
				CLANG_WARN_UNREACHABLE_CODE = YES;
				CLANG_WARN__DUPLICATE_METHOD_MATCH = YES;
				COPY_PHASE_STRIP = NO;
				DEBUG_INFORMATION_FORMAT = "dwarf-with-dsym";
				ENABLE_NS_ASSERTIONS = NO;
				ENABLE_STRICT_OBJC_MSGSEND = YES;
				GCC_C_LANGUAGE_STANDARD = gnu11;
				GCC_NO_COMMON_BLOCKS = YES;
				GCC_WARN_64_TO_32_BIT_CONVERSION = YES;
				GCC_WARN_ABOUT_RETURN_TYPE = YES_ERROR;
				GCC_WARN_UNDECLARED_SELECTOR = YES;
				GCC_WARN_UNINITIALIZED_AUTOS = YES_AGGRESSIVE;
				GCC_WARN_UNUSED_FUNCTION = YES;
				GCC_WARN_UNUSED_VARIABLE = YES;
				IPHONEOS_DEPLOYMENT_TARGET = 15.5;
				MTL_ENABLE_DEBUG_INFO = NO;
				MTL_FAST_MATH = YES;
				SDKROOT = iphoneos;
				SWIFT_COMPILATION_MODE = wholemodule;
				SWIFT_OPTIMIZATION_LEVEL = "-O";
				VALIDATE_PRODUCT = YES;
			};
			name = Release;
		};
		B6296CF5290CA6A8003112DD /* Debug */ = {
			isa = XCBuildConfiguration;
			baseConfigurationReference = CBD5693B56F9C6794A916F33 /* Pods-EquipmentManagement.debug.xcconfig */;
			buildSettings = {
				ASSETCATALOG_COMPILER_APPICON_NAME = AppIcon;
				ASSETCATALOG_COMPILER_GLOBAL_ACCENT_COLOR_NAME = AccentColor;
				CODE_SIGN_STYLE = Automatic;
				CURRENT_PROJECT_VERSION = 1;
				DEVELOPMENT_TEAM = N735687JUR;
				GENERATE_INFOPLIST_FILE = YES;
				INFOPLIST_FILE = EquipmentManagement/Info.plist;
				INFOPLIST_KEY_UIApplicationSupportsIndirectInputEvents = YES;
				INFOPLIST_KEY_UILaunchStoryboardName = LaunchScreen;
				INFOPLIST_KEY_UIMainStoryboardFile = Main;
				INFOPLIST_KEY_UISupportedInterfaceOrientations_iPad = "UIInterfaceOrientationPortrait UIInterfaceOrientationPortraitUpsideDown UIInterfaceOrientationLandscapeLeft UIInterfaceOrientationLandscapeRight";
				INFOPLIST_KEY_UISupportedInterfaceOrientations_iPhone = "UIInterfaceOrientationPortrait UIInterfaceOrientationLandscapeLeft UIInterfaceOrientationLandscapeRight";
				LD_RUNPATH_SEARCH_PATHS = (
					"$(inherited)",
					"@executable_path/Frameworks",
				);
				MARKETING_VERSION = 1.0;
				PRODUCT_BUNDLE_IDENTIFIER = edu.northeastern.yuhan.EquipmentManagement;
				PRODUCT_NAME = "$(TARGET_NAME)";
				SWIFT_EMIT_LOC_STRINGS = YES;
				SWIFT_VERSION = 5.0;
				TARGETED_DEVICE_FAMILY = "1,2";
			};
			name = Debug;
		};
		B6296CF6290CA6A8003112DD /* Release */ = {
			isa = XCBuildConfiguration;
			baseConfigurationReference = 54E9067B95B355304CA64FF6 /* Pods-EquipmentManagement.release.xcconfig */;
			buildSettings = {
				ASSETCATALOG_COMPILER_APPICON_NAME = AppIcon;
				ASSETCATALOG_COMPILER_GLOBAL_ACCENT_COLOR_NAME = AccentColor;
				CODE_SIGN_STYLE = Automatic;
				CURRENT_PROJECT_VERSION = 1;
				DEVELOPMENT_TEAM = N735687JUR;
				GENERATE_INFOPLIST_FILE = YES;
				INFOPLIST_FILE = EquipmentManagement/Info.plist;
				INFOPLIST_KEY_UIApplicationSupportsIndirectInputEvents = YES;
				INFOPLIST_KEY_UILaunchStoryboardName = LaunchScreen;
				INFOPLIST_KEY_UIMainStoryboardFile = Main;
				INFOPLIST_KEY_UISupportedInterfaceOrientations_iPad = "UIInterfaceOrientationPortrait UIInterfaceOrientationPortraitUpsideDown UIInterfaceOrientationLandscapeLeft UIInterfaceOrientationLandscapeRight";
				INFOPLIST_KEY_UISupportedInterfaceOrientations_iPhone = "UIInterfaceOrientationPortrait UIInterfaceOrientationLandscapeLeft UIInterfaceOrientationLandscapeRight";
				LD_RUNPATH_SEARCH_PATHS = (
					"$(inherited)",
					"@executable_path/Frameworks",
				);
				MARKETING_VERSION = 1.0;
				PRODUCT_BUNDLE_IDENTIFIER = edu.northeastern.yuhan.EquipmentManagement;
				PRODUCT_NAME = "$(TARGET_NAME)";
				SWIFT_EMIT_LOC_STRINGS = YES;
				SWIFT_VERSION = 5.0;
				TARGETED_DEVICE_FAMILY = "1,2";
			};
			name = Release;
		};
/* End XCBuildConfiguration section */

/* Begin XCConfigurationList section */
		B6296CDB290CA6A2003112DD /* Build configuration list for PBXProject "EquipmentManagement" */ = {
			isa = XCConfigurationList;
			buildConfigurations = (
				B6296CF2290CA6A8003112DD /* Debug */,
				B6296CF3290CA6A8003112DD /* Release */,
			);
			defaultConfigurationIsVisible = 0;
			defaultConfigurationName = Release;
		};
		B6296CF4290CA6A8003112DD /* Build configuration list for PBXNativeTarget "EquipmentManagement" */ = {
			isa = XCConfigurationList;
			buildConfigurations = (
				B6296CF5290CA6A8003112DD /* Debug */,
				B6296CF6290CA6A8003112DD /* Release */,
			);
			defaultConfigurationIsVisible = 0;
			defaultConfigurationName = Release;
		};
/* End XCConfigurationList section */
	};
	rootObject = B6296CD8290CA6A2003112DD /* Project object */;
}
